
Microsoft Visual Studio Solution File, Format Version 12.00
# Visual Studio Version 16
VisualStudioVersion = 16.0.29418.71
MinimumVisualStudioVersion = 10.0.40219.1
Project("{FAE04EC0-301F-11D3-BF4B-00C04F79EFBC}") = "LMS", "LMS\LMS.csproj", "{690EA2BF-23FB-44CE-8A12-9D9D3E5EFFDA}"
EndProject
Global
	GlobalSection(SolutionConfigurationPlatforms) = preSolution
		Debug|Any CPU = Debug|Any CPU
		Release|Any CPU = Release|Any CPU
	EndGlobalSection
	GlobalSection(ProjectConfigurationPlatforms) = postSolution
		{690EA2BF-23FB-44CE-8A12-9D9D3E5EFFDA}.Debug|Any CPU.ActiveCfg = Debug|Any CPU
		{690EA2BF-23FB-44CE-8A12-9D9D3E5EFFDA}.Debug|Any CPU.Build.0 = Debug|Any CPU
		{690EA2BF-23FB-44CE-8A12-9D9D3E5EFFDA}.Release|Any CPU.ActiveCfg = Release|Any CPU
		{690EA2BF-23FB-44CE-8A12-9D9D3E5EFFDA}.Release|Any CPU.Build.0 = Release|Any CPU
	EndGlobalSection
	GlobalSection(SolutionProperties) = preSolution
		HideSolutionNode = FALSE
	EndGlobalSection
	GlobalSection(ExtensibilityGlobals) = postSolution
		SolutionGuid = {B1282EB2-C59F-4F92-8F11-E8B0FB76D44F}
	EndGlobalSection
EndGlobal
